// !$*UTF8*$!
{
	archiveVersion = 1;
	classes = {
	};
	objectVersion = 52;
	objects = {

/* Begin PBXBuildFile section */
		F404B5D52055FE6D00220024 /* AppDelegate.swift in Sources */ = {isa = PBXBuildFile; fileRef = OBJ_9 /* AppDelegate.swift */; };
		F404B5D62055FE6D00220024 /* CenteredClipView.swift in Sources */ = {isa = PBXBuildFile; fileRef = OBJ_10 /* CenteredClipView.swift */; };
		F404B5D72055FE7200220024 /* CIImage+Conversions.swift in Sources */ = {isa = PBXBuildFile; fileRef = OBJ_12 /* CIImage+Conversions.swift */; };
		F404B5D82055FE7200220024 /* FileManager+Listing.swift in Sources */ = {isa = PBXBuildFile; fileRef = OBJ_13 /* FileManager+Listing.swift */; };
		F404B5D92055FE7200220024 /* NSMenu+Visibility.swift in Sources */ = {isa = PBXBuildFile; fileRef = OBJ_14 /* NSMenu+Visibility.swift */; };
		F404B5DA2055FE7200220024 /* NSScreen+Collissions.swift in Sources */ = {isa = PBXBuildFile; fileRef = OBJ_15 /* NSScreen+Collissions.swift */; };
		F404B5DB2055FE7200220024 /* NSSize+Operators.swift in Sources */ = {isa = PBXBuildFile; fileRef = OBJ_16 /* NSSize+Operators.swift */; };
		F404B5DC2055FE7200220024 /* NSWindow+Dispositions.swift in Sources */ = {isa = PBXBuildFile; fileRef = OBJ_17 /* NSWindow+Dispositions.swift */; };
		F404B5DD2055FE7200220024 /* FileBrowser.swift in Sources */ = {isa = PBXBuildFile; fileRef = OBJ_18 /* FileBrowser.swift */; };
		F404B5DE2055FE7200220024 /* ImageFileBrowser.swift in Sources */ = {isa = PBXBuildFile; fileRef = OBJ_19 /* ImageFileBrowser.swift */; };
		F404B5DF2055FE7200220024 /* ViewController.swift in Sources */ = {isa = PBXBuildFile; fileRef = OBJ_20 /* ViewController.swift */; };
		F404B5E02055FE7200220024 /* main.swift in Sources */ = {isa = PBXBuildFile; fileRef = OBJ_21 /* main.swift */; };
		F404B5E720560EA500220024 /* Main.storyboard in Resources */ = {isa = PBXBuildFile; fileRef = F404B5E12055FE7E00220024 /* Main.storyboard */; };
		F404B5ED20575A8300220024 /* SettingsController.swift in Sources */ = {isa = PBXBuildFile; fileRef = F404B5EC20575A8300220024 /* SettingsController.swift */; };
		F404B5EF2058748D00220024 /* ApplicationSettings.swift in Sources */ = {isa = PBXBuildFile; fileRef = F404B5EE2058748D00220024 /* ApplicationSettings.swift */; };
		F404B5F32058B80C00220024 /* Media.xcassets in Resources */ = {isa = PBXBuildFile; fileRef = F404B5F22058B80C00220024 /* Media.xcassets */; };
		F47ECA0424706763008FD5FA /* SwiftyBeaver in Frameworks */ = {isa = PBXBuildFile; productRef = F47ECA0324706763008FD5FA /* SwiftyBeaver */; };
		F47ECA0624706763008FD5FA /* SwiftTryCatch in Frameworks */ = {isa = PBXBuildFile; productRef = F47ECA0524706763008FD5FA /* SwiftTryCatch */; };
		F4F4A017205B40CD00229818 /* CGSize+Operators.swift in Sources */ = {isa = PBXBuildFile; fileRef = F4F4A016205B40CD00229818 /* CGSize+Operators.swift */; };
/* End PBXBuildFile section */

/* Begin PBXContainerItemProxy section */
		F47EC9FF247066D3008FD5FA /* PBXContainerItemProxy */ = {
			isa = PBXContainerItemProxy;
			containerPortal = OBJ_1 /* Project object */;
			proxyType = 1;
			remoteGlobalIDString = "SwiftyBeaver::SwiftyBeaver";
			remoteInfo = SwiftyBeaver;
		};
/* End PBXContainerItemProxy section */

/* Begin PBXCopyFilesBuildPhase section */
		F47ECA01247066D3008FD5FA /* Embed Frameworks */ = {
			isa = PBXCopyFilesBuildPhase;
			buildActionMask = 2147483647;
			dstPath = "";
			dstSubfolderSpec = 10;
			files = (
			);
			name = "Embed Frameworks";
			runOnlyForDeploymentPostprocessing = 0;
		};
/* End PBXCopyFilesBuildPhase section */

/* Begin PBXFileReference section */
		F404B5BC2055FDD400220024 /* SimpleView.app */ = {isa = PBXFileReference; explicitFileType = wrapper.application; includeInIndex = 0; name = SimpleView.app; path = /Users/vladimiraubrecht/Projects/GitHub/SimpleView/src/build/Debug/SimpleView.app; sourceTree = "<absolute>"; };
		F404B5E12055FE7E00220024 /* Main.storyboard */ = {isa = PBXFileReference; fileEncoding = 4; lastKnownFileType = file.storyboard; path = Main.storyboard; sourceTree = "<group>"; };
		F404B5E52055FF0B00220024 /* SimpleView.entitlements */ = {isa = PBXFileReference; lastKnownFileType = text.plist.entitlements; path = SimpleView.entitlements; sourceTree = "<group>"; };
		F404B5E6205604C000220024 /* Bridging-Header.h */ = {isa = PBXFileReference; lastKnownFileType = sourcecode.c.h; path = "Bridging-Header.h"; sourceTree = "<group>"; };
		F404B5EC20575A8300220024 /* SettingsController.swift */ = {isa = PBXFileReference; lastKnownFileType = sourcecode.swift; path = SettingsController.swift; sourceTree = "<group>"; };
		F404B5EE2058748D00220024 /* ApplicationSettings.swift */ = {isa = PBXFileReference; lastKnownFileType = sourcecode.swift; path = ApplicationSettings.swift; sourceTree = "<group>"; };
		F404B5F22058B80C00220024 /* Media.xcassets */ = {isa = PBXFileReference; lastKnownFileType = folder.assetcatalog; path = Media.xcassets; sourceTree = "<group>"; };
		F4F4A016205B40CD00229818 /* CGSize+Operators.swift */ = {isa = PBXFileReference; lastKnownFileType = sourcecode.swift; path = "CGSize+Operators.swift"; sourceTree = "<group>"; };
		OBJ_10 /* CenteredClipView.swift */ = {isa = PBXFileReference; lastKnownFileType = sourcecode.swift; path = CenteredClipView.swift; sourceTree = "<group>"; };
		OBJ_12 /* CIImage+Conversions.swift */ = {isa = PBXFileReference; lastKnownFileType = sourcecode.swift; path = "CIImage+Conversions.swift"; sourceTree = "<group>"; };
		OBJ_13 /* FileManager+Listing.swift */ = {isa = PBXFileReference; lastKnownFileType = sourcecode.swift; path = "FileManager+Listing.swift"; sourceTree = "<group>"; };
		OBJ_14 /* NSMenu+Visibility.swift */ = {isa = PBXFileReference; lastKnownFileType = sourcecode.swift; path = "NSMenu+Visibility.swift"; sourceTree = "<group>"; };
		OBJ_15 /* NSScreen+Collissions.swift */ = {isa = PBXFileReference; lastKnownFileType = sourcecode.swift; path = "NSScreen+Collissions.swift"; sourceTree = "<group>"; };
		OBJ_16 /* NSSize+Operators.swift */ = {isa = PBXFileReference; lastKnownFileType = sourcecode.swift; path = "NSSize+Operators.swift"; sourceTree = "<group>"; };
		OBJ_17 /* NSWindow+Dispositions.swift */ = {isa = PBXFileReference; lastKnownFileType = sourcecode.swift; path = "NSWindow+Dispositions.swift"; sourceTree = "<group>"; };
		OBJ_18 /* FileBrowser.swift */ = {isa = PBXFileReference; lastKnownFileType = sourcecode.swift; path = FileBrowser.swift; sourceTree = "<group>"; };
		OBJ_19 /* ImageFileBrowser.swift */ = {isa = PBXFileReference; lastKnownFileType = sourcecode.swift; path = ImageFileBrowser.swift; sourceTree = "<group>"; };
		OBJ_20 /* ViewController.swift */ = {isa = PBXFileReference; lastKnownFileType = sourcecode.swift; path = ViewController.swift; sourceTree = "<group>"; };
		OBJ_21 /* main.swift */ = {isa = PBXFileReference; lastKnownFileType = sourcecode.swift; path = main.swift; sourceTree = "<group>"; };
		OBJ_9 /* AppDelegate.swift */ = {isa = PBXFileReference; lastKnownFileType = sourcecode.swift; path = AppDelegate.swift; sourceTree = "<group>"; };
		"SwiftTryCatch::SwiftTryCatch::Product" /* SwiftTryCatch.framework */ = {isa = PBXFileReference; explicitFileType = wrapper.framework; name = SwiftTryCatch.framework; path = /Users/vladimiraubrecht/Projects/GitHub/SimpleView/src/build/Debug/SwiftTryCatch.framework; sourceTree = "<absolute>"; };
		"SwiftyBeaver::SwiftyBeaver::Product" /* SwiftyBeaver.framework */ = {isa = PBXFileReference; explicitFileType = wrapper.framework; name = SwiftyBeaver.framework; path = /Users/vladimiraubrecht/Projects/GitHub/SimpleView/src/build/Debug/SwiftyBeaver.framework; sourceTree = "<absolute>"; };
/* End PBXFileReference section */

/* Begin PBXFrameworksBuildPhase section */
		F404B5B92055FDD400220024 /* Frameworks */ = {
			isa = PBXFrameworksBuildPhase;
			buildActionMask = 2147483647;
			files = (
				F47ECA0624706763008FD5FA /* SwiftTryCatch in Frameworks */,
				F47ECA0424706763008FD5FA /* SwiftyBeaver in Frameworks */,
			);
			runOnlyForDeploymentPostprocessing = 0;
		};
		OBJ_109 /* Frameworks */ = {
			isa = PBXFrameworksBuildPhase;
			buildActionMask = 0;
			files = (
			);
			runOnlyForDeploymentPostprocessing = 0;
		};
		OBJ_94 /* Frameworks */ = {
			isa = PBXFrameworksBuildPhase;
			buildActionMask = 0;
			files = (
			);
			runOnlyForDeploymentPostprocessing = 0;
		};
/* End PBXFrameworksBuildPhase section */

/* Begin PBXGroup section */
		F47ECA0224706763008FD5FA /* Frameworks */ = {
			isa = PBXGroup;
			children = (
			);
			name = Frameworks;
			sourceTree = "<group>";
		};
		OBJ_11 /* Extensions */ = {
			isa = PBXGroup;
			children = (
				OBJ_12 /* CIImage+Conversions.swift */,
				OBJ_13 /* FileManager+Listing.swift */,
				OBJ_14 /* NSMenu+Visibility.swift */,
				OBJ_15 /* NSScreen+Collissions.swift */,
				OBJ_16 /* NSSize+Operators.swift */,
				OBJ_17 /* NSWindow+Dispositions.swift */,
				F4F4A016205B40CD00229818 /* CGSize+Operators.swift */,
			);
			path = Extensions;
			sourceTree = "<group>";
		};
		OBJ_5 = {
			isa = PBXGroup;
			children = (
				F404B5E52055FF0B00220024 /* SimpleView.entitlements */,
				OBJ_7 /* Sources */,
				F47ECA0224706763008FD5FA /* Frameworks */,
			);
			sourceTree = "<group>";
		};
		OBJ_7 /* Sources */ = {
			isa = PBXGroup;
			children = (
				OBJ_8 /* SimpleView */,
			);
			name = Sources;
			sourceTree = SOURCE_ROOT;
		};
		OBJ_8 /* SimpleView */ = {
			isa = PBXGroup;
			children = (
				F404B5E12055FE7E00220024 /* Main.storyboard */,
				OBJ_9 /* AppDelegate.swift */,
				OBJ_10 /* CenteredClipView.swift */,
				OBJ_11 /* Extensions */,
				OBJ_18 /* FileBrowser.swift */,
				OBJ_19 /* ImageFileBrowser.swift */,
				OBJ_20 /* ViewController.swift */,
				OBJ_21 /* main.swift */,
				F404B5E6205604C000220024 /* Bridging-Header.h */,
				F404B5EC20575A8300220024 /* SettingsController.swift */,
				F404B5EE2058748D00220024 /* ApplicationSettings.swift */,
				F404B5F22058B80C00220024 /* Media.xcassets */,
			);
			name = SimpleView;
			path = Sources/SimpleView;
			sourceTree = SOURCE_ROOT;
		};
/* End PBXGroup section */

/* Begin PBXNativeTarget section */
		F404B5BB2055FDD400220024 /* SimpleView */ = {
			isa = PBXNativeTarget;
			buildConfigurationList = F404B5C92055FDD400220024 /* Build configuration list for PBXNativeTarget "SimpleView" */;
			buildPhases = (
				F404B5B82055FDD400220024 /* Sources */,
				F404B5B92055FDD400220024 /* Frameworks */,
				F404B5BA2055FDD400220024 /* Resources */,
				F47ECA01247066D3008FD5FA /* Embed Frameworks */,
			);
			buildRules = (
			);
			dependencies = (
				F47ECA00247066D3008FD5FA /* PBXTargetDependency */,
			);
			name = SimpleView;
			packageProductDependencies = (
				F47ECA0324706763008FD5FA /* SwiftyBeaver */,
				F47ECA0524706763008FD5FA /* SwiftTryCatch */,
			);
			productName = SimpleView;
			productReference = F404B5BC2055FDD400220024 /* SimpleView.app */;
			productType = "com.apple.product-type.application";
		};
		"SwiftTryCatch::SwiftTryCatch" /* SwiftTryCatch */ = {
			isa = PBXNativeTarget;
			buildConfigurationList = OBJ_89 /* Build configuration list for PBXNativeTarget "SwiftTryCatch" */;
			buildPhases = (
				OBJ_92 /* Sources */,
				OBJ_94 /* Frameworks */,
			);
			buildRules = (
			);
			dependencies = (
			);
			name = SwiftTryCatch;
			productName = SwiftTryCatch;
			productReference = "SwiftTryCatch::SwiftTryCatch::Product" /* SwiftTryCatch.framework */;
			productType = "com.apple.product-type.framework";
		};
		"SwiftyBeaver::SwiftyBeaver" /* SwiftyBeaver */ = {
			isa = PBXNativeTarget;
			buildConfigurationList = OBJ_95 /* Build configuration list for PBXNativeTarget "SwiftyBeaver" */;
			buildPhases = (
				OBJ_98 /* Sources */,
				OBJ_109 /* Frameworks */,
			);
			buildRules = (
			);
			dependencies = (
			);
			name = SwiftyBeaver;
			productName = SwiftyBeaver;
			productReference = "SwiftyBeaver::SwiftyBeaver::Product" /* SwiftyBeaver.framework */;
			productType = "com.apple.product-type.framework";
		};
/* End PBXNativeTarget section */

/* Begin PBXProject section */
		OBJ_1 /* Project object */ = {
			isa = PBXProject;
			attributes = {
				LastSwiftUpdateCheck = 0920;
				LastUpgradeCheck = 0940;
				TargetAttributes = {
					F404B5BB2055FDD400220024 = {
						CreatedOnToolsVersion = 9.2;
						DevelopmentTeam = 8PWAMAXL84;
						ProvisioningStyle = Automatic;
						SystemCapabilities = {
							com.apple.Sandbox = {
								enabled = 1;
							};
						};
					};
					"SwiftTryCatch::SwiftTryCatch" = {
						DevelopmentTeam = 8PWAMAXL84;
					};
					"SwiftyBeaver::SwiftyBeaver" = {
						DevelopmentTeam = 8PWAMAXL84;
					};
				};
			};
			buildConfigurationList = OBJ_2 /* Build configuration list for PBXProject "SimpleView" */;
			compatibilityVersion = "Xcode 3.2";
			developmentRegion = English;
			hasScannedForEncodings = 0;
			knownRegions = (
				English,
				en,
				Base,
			);
			mainGroup = OBJ_5;
			packageReferences = (
				F47EC9F624706484008FD5FA /* XCRemoteSwiftPackageReference "SwiftyBeaver" */,
				F47EC9F9247064B9008FD5FA /* XCRemoteSwiftPackageReference "SwiftTryCatch" */,
			);
			productRefGroup = OBJ_5;
			projectDirPath = "";
			projectRoot = "";
			targets = (
				"SwiftTryCatch::SwiftTryCatch" /* SwiftTryCatch */,
				"SwiftyBeaver::SwiftyBeaver" /* SwiftyBeaver */,
				F404B5BB2055FDD400220024 /* SimpleView */,
			);
		};
/* End PBXProject section */

/* Begin PBXResourcesBuildPhase section */
		F404B5BA2055FDD400220024 /* Resources */ = {
			isa = PBXResourcesBuildPhase;
			buildActionMask = 2147483647;
			files = (
				F404B5F32058B80C00220024 /* Media.xcassets in Resources */,
				F404B5E720560EA500220024 /* Main.storyboard in Resources */,
			);
			runOnlyForDeploymentPostprocessing = 0;
		};
/* End PBXResourcesBuildPhase section */

/* Begin PBXSourcesBuildPhase section */
		F404B5B82055FDD400220024 /* Sources */ = {
			isa = PBXSourcesBuildPhase;
			buildActionMask = 2147483647;
			files = (
				F404B5D82055FE7200220024 /* FileManager+Listing.swift in Sources */,
				F404B5ED20575A8300220024 /* SettingsController.swift in Sources */,
				F404B5D92055FE7200220024 /* NSMenu+Visibility.swift in Sources */,
				F4F4A017205B40CD00229818 /* CGSize+Operators.swift in Sources */,
				F404B5E02055FE7200220024 /* main.swift in Sources */,
				F404B5EF2058748D00220024 /* ApplicationSettings.swift in Sources */,
				F404B5DC2055FE7200220024 /* NSWindow+Dispositions.swift in Sources */,
				F404B5D72055FE7200220024 /* CIImage+Conversions.swift in Sources */,
				F404B5DF2055FE7200220024 /* ViewController.swift in Sources */,
				F404B5DD2055FE7200220024 /* FileBrowser.swift in Sources */,
				F404B5D62055FE6D00220024 /* CenteredClipView.swift in Sources */,
				F404B5D52055FE6D00220024 /* AppDelegate.swift in Sources */,
				F404B5DB2055FE7200220024 /* NSSize+Operators.swift in Sources */,
				F404B5DE2055FE7200220024 /* ImageFileBrowser.swift in Sources */,
				F404B5DA2055FE7200220024 /* NSScreen+Collissions.swift in Sources */,
			);
			runOnlyForDeploymentPostprocessing = 0;
		};
		OBJ_92 /* Sources */ = {
			isa = PBXSourcesBuildPhase;
			buildActionMask = 0;
			files = (
			);
			runOnlyForDeploymentPostprocessing = 0;
		};
		OBJ_98 /* Sources */ = {
			isa = PBXSourcesBuildPhase;
			buildActionMask = 0;
			files = (
			);
			runOnlyForDeploymentPostprocessing = 0;
		};
/* End PBXSourcesBuildPhase section */

/* Begin PBXTargetDependency section */
		F47ECA00247066D3008FD5FA /* PBXTargetDependency */ = {
			isa = PBXTargetDependency;
			target = "SwiftyBeaver::SwiftyBeaver" /* SwiftyBeaver */;
			targetProxy = F47EC9FF247066D3008FD5FA /* PBXContainerItemProxy */;
		};
/* End PBXTargetDependency section */

/* Begin XCBuildConfiguration section */
		F404B5CA2055FDD400220024 /* Debug */ = {
			isa = XCBuildConfiguration;
			buildSettings = {
				ALWAYS_SEARCH_USER_PATHS = NO;
				ASSETCATALOG_COMPILER_APPICON_NAME = AppIcon;
				CLANG_ANALYZER_NONNULL = YES;
				CLANG_ANALYZER_NUMBER_OBJECT_CONVERSION = YES_AGGRESSIVE;
				CLANG_CXX_LANGUAGE_STANDARD = "gnu++14";
				CLANG_CXX_LIBRARY = "libc++";
				CLANG_ENABLE_MODULES = YES;
				CLANG_WARN_BLOCK_CAPTURE_AUTORELEASING = YES;
				CLANG_WARN_BOOL_CONVERSION = YES;
				CLANG_WARN_COMMA = YES;
				CLANG_WARN_CONSTANT_CONVERSION = YES;
				CLANG_WARN_DIRECT_OBJC_ISA_USAGE = YES_ERROR;
				CLANG_WARN_DOCUMENTATION_COMMENTS = YES;
				CLANG_WARN_EMPTY_BODY = YES;
				CLANG_WARN_ENUM_CONVERSION = YES;
				CLANG_WARN_INFINITE_RECURSION = YES;
				CLANG_WARN_INT_CONVERSION = YES;
				CLANG_WARN_NON_LITERAL_NULL_CONVERSION = YES;
				CLANG_WARN_OBJC_LITERAL_CONVERSION = YES;
				CLANG_WARN_OBJC_ROOT_CLASS = YES_ERROR;
				CLANG_WARN_RANGE_LOOP_ANALYSIS = YES;
				CLANG_WARN_STRICT_PROTOTYPES = YES;
				CLANG_WARN_SUSPICIOUS_MOVE = YES;
				CLANG_WARN_UNGUARDED_AVAILABILITY = YES_AGGRESSIVE;
				CLANG_WARN_UNREACHABLE_CODE = YES;
				CLANG_WARN__DUPLICATE_METHOD_MATCH = YES;
				CODE_SIGN_ENTITLEMENTS = SimpleView.entitlements;
				CODE_SIGN_IDENTITY = "-";
				CODE_SIGN_STYLE = Automatic;
				COMBINE_HIDPI_IMAGES = YES;
				DEVELOPMENT_TEAM = 8PWAMAXL84;
				ENABLE_STRICT_OBJC_MSGSEND = YES;
				ENABLE_TESTABILITY = YES;
				GCC_C_LANGUAGE_STANDARD = gnu11;
				GCC_DYNAMIC_NO_PIC = NO;
				GCC_NO_COMMON_BLOCKS = YES;
				GCC_PREPROCESSOR_DEFINITIONS = (
					"DEBUG=1",
					"$(inherited)",
				);
				GCC_WARN_64_TO_32_BIT_CONVERSION = YES;
				GCC_WARN_ABOUT_RETURN_TYPE = YES_ERROR;
				GCC_WARN_UNDECLARED_SELECTOR = YES;
				GCC_WARN_UNINITIALIZED_AUTOS = YES_AGGRESSIVE;
				GCC_WARN_UNUSED_FUNCTION = YES;
				GCC_WARN_UNUSED_VARIABLE = YES;
				HEADER_SEARCH_PATHS = "$(SRCROOT)/.build/**";
				INFOPLIST_FILE = Sources/SimpleView/Info.plist;
				LD_RUNPATH_SEARCH_PATHS = (
					"$(inherited)",
					"@executable_path/../Frameworks",
				);
				MACOSX_DEPLOYMENT_TARGET = 10.13;
				MTL_ENABLE_DEBUG_INFO = YES;
				PRODUCT_BUNDLE_IDENTIFIER = ASoft.SimpleView;
				PRODUCT_NAME = "$(TARGET_NAME)";
				SWIFT_ACTIVE_COMPILATION_CONDITIONS = DEBUG;
				SWIFT_OBJC_BRIDGING_HEADER = "$(SRCROOT)/Sources/SimpleView/Bridging-Header.h";
				SWIFT_VERSION = 4.0;
			};
			name = Debug;
		};
		F404B5CB2055FDD400220024 /* Release */ = {
			isa = XCBuildConfiguration;
			buildSettings = {
				ALWAYS_SEARCH_USER_PATHS = NO;
				ASSETCATALOG_COMPILER_APPICON_NAME = AppIcon;
				CLANG_ANALYZER_NONNULL = YES;
				CLANG_ANALYZER_NUMBER_OBJECT_CONVERSION = YES_AGGRESSIVE;
				CLANG_CXX_LANGUAGE_STANDARD = "gnu++14";
				CLANG_CXX_LIBRARY = "libc++";
				CLANG_ENABLE_MODULES = YES;
				CLANG_WARN_BLOCK_CAPTURE_AUTORELEASING = YES;
				CLANG_WARN_BOOL_CONVERSION = YES;
				CLANG_WARN_COMMA = YES;
				CLANG_WARN_CONSTANT_CONVERSION = YES;
				CLANG_WARN_DIRECT_OBJC_ISA_USAGE = YES_ERROR;
				CLANG_WARN_DOCUMENTATION_COMMENTS = YES;
				CLANG_WARN_EMPTY_BODY = YES;
				CLANG_WARN_ENUM_CONVERSION = YES;
				CLANG_WARN_INFINITE_RECURSION = YES;
				CLANG_WARN_INT_CONVERSION = YES;
				CLANG_WARN_NON_LITERAL_NULL_CONVERSION = YES;
				CLANG_WARN_OBJC_LITERAL_CONVERSION = YES;
				CLANG_WARN_OBJC_ROOT_CLASS = YES_ERROR;
				CLANG_WARN_RANGE_LOOP_ANALYSIS = YES;
				CLANG_WARN_STRICT_PROTOTYPES = YES;
				CLANG_WARN_SUSPICIOUS_MOVE = YES;
				CLANG_WARN_UNGUARDED_AVAILABILITY = YES_AGGRESSIVE;
				CLANG_WARN_UNREACHABLE_CODE = YES;
				CLANG_WARN__DUPLICATE_METHOD_MATCH = YES;
				CODE_SIGN_ENTITLEMENTS = SimpleView.entitlements;
				CODE_SIGN_IDENTITY = "-";
				CODE_SIGN_STYLE = Automatic;
				COMBINE_HIDPI_IMAGES = YES;
				COPY_PHASE_STRIP = NO;
				DEVELOPMENT_TEAM = 8PWAMAXL84;
				ENABLE_NS_ASSERTIONS = NO;
				ENABLE_STRICT_OBJC_MSGSEND = YES;
				GCC_C_LANGUAGE_STANDARD = gnu11;
				GCC_NO_COMMON_BLOCKS = YES;
				GCC_WARN_64_TO_32_BIT_CONVERSION = YES;
				GCC_WARN_ABOUT_RETURN_TYPE = YES_ERROR;
				GCC_WARN_UNDECLARED_SELECTOR = YES;
				GCC_WARN_UNINITIALIZED_AUTOS = YES_AGGRESSIVE;
				GCC_WARN_UNUSED_FUNCTION = YES;
				GCC_WARN_UNUSED_VARIABLE = YES;
				HEADER_SEARCH_PATHS = "$(SRCROOT)/.build/**";
				INFOPLIST_FILE = Sources/SimpleView/Info.plist;
				LD_RUNPATH_SEARCH_PATHS = (
					"$(inherited)",
					"@executable_path/../Frameworks",
				);
				MACOSX_DEPLOYMENT_TARGET = 10.13;
				MTL_ENABLE_DEBUG_INFO = NO;
				PRODUCT_BUNDLE_IDENTIFIER = ASoft.SimpleView;
				PRODUCT_NAME = "$(TARGET_NAME)";
				SWIFT_OBJC_BRIDGING_HEADER = "$(SRCROOT)/Sources/SimpleView/Bridging-Header.h";
				SWIFT_VERSION = 4.0;
			};
			name = Release;
		};
		OBJ_3 /* Debug */ = {
			isa = XCBuildConfiguration;
			buildSettings = {
				CLANG_ENABLE_OBJC_ARC = YES;
				CLANG_WARN_BLOCK_CAPTURE_AUTORELEASING = YES;
				CLANG_WARN_BOOL_CONVERSION = YES;
				CLANG_WARN_COMMA = YES;
				CLANG_WARN_CONSTANT_CONVERSION = YES;
				CLANG_WARN_DEPRECATED_OBJC_IMPLEMENTATIONS = YES;
				CLANG_WARN_EMPTY_BODY = YES;
				CLANG_WARN_ENUM_CONVERSION = YES;
				CLANG_WARN_INFINITE_RECURSION = YES;
				CLANG_WARN_INT_CONVERSION = YES;
				CLANG_WARN_NON_LITERAL_NULL_CONVERSION = YES;
				CLANG_WARN_OBJC_IMPLICIT_RETAIN_SELF = YES;
				CLANG_WARN_OBJC_LITERAL_CONVERSION = YES;
				CLANG_WARN_RANGE_LOOP_ANALYSIS = YES;
				CLANG_WARN_STRICT_PROTOTYPES = YES;
				CLANG_WARN_SUSPICIOUS_MOVE = YES;
				CLANG_WARN_UNREACHABLE_CODE = YES;
				CLANG_WARN__DUPLICATE_METHOD_MATCH = YES;
				COMBINE_HIDPI_IMAGES = YES;
				COPY_PHASE_STRIP = NO;
				DEBUG_INFORMATION_FORMAT = dwarf;
				DYLIB_INSTALL_NAME_BASE = "@rpath";
				ENABLE_NS_ASSERTIONS = YES;
				ENABLE_STRICT_OBJC_MSGSEND = YES;
				ENABLE_TESTABILITY = YES;
				GCC_NO_COMMON_BLOCKS = YES;
				GCC_OPTIMIZATION_LEVEL = 0;
				GCC_WARN_64_TO_32_BIT_CONVERSION = YES;
				GCC_WARN_ABOUT_RETURN_TYPE = YES;
				GCC_WARN_UNDECLARED_SELECTOR = YES;
				GCC_WARN_UNINITIALIZED_AUTOS = YES;
				GCC_WARN_UNUSED_FUNCTION = YES;
				GCC_WARN_UNUSED_VARIABLE = YES;
				MACOSX_DEPLOYMENT_TARGET = 10.10;
				ONLY_ACTIVE_ARCH = YES;
				OTHER_SWIFT_FLAGS = "-DXcode";
				PRODUCT_NAME = "$(TARGET_NAME)";
				SDKROOT = macosx;
				SUPPORTED_PLATFORMS = macosx;
				SWIFT_ACTIVE_COMPILATION_CONDITIONS = SWIFT_PACKAGE;
				SWIFT_OPTIMIZATION_LEVEL = "-Onone";
				USE_HEADERMAP = NO;
			};
			name = Debug;
		};
		OBJ_4 /* Release */ = {
			isa = XCBuildConfiguration;
			buildSettings = {
				CLANG_ENABLE_OBJC_ARC = YES;
				CLANG_WARN_BLOCK_CAPTURE_AUTORELEASING = YES;
				CLANG_WARN_BOOL_CONVERSION = YES;
				CLANG_WARN_COMMA = YES;
				CLANG_WARN_CONSTANT_CONVERSION = YES;
				CLANG_WARN_DEPRECATED_OBJC_IMPLEMENTATIONS = YES;
				CLANG_WARN_EMPTY_BODY = YES;
				CLANG_WARN_ENUM_CONVERSION = YES;
				CLANG_WARN_INFINITE_RECURSION = YES;
				CLANG_WARN_INT_CONVERSION = YES;
				CLANG_WARN_NON_LITERAL_NULL_CONVERSION = YES;
				CLANG_WARN_OBJC_IMPLICIT_RETAIN_SELF = YES;
				CLANG_WARN_OBJC_LITERAL_CONVERSION = YES;
				CLANG_WARN_RANGE_LOOP_ANALYSIS = YES;
				CLANG_WARN_STRICT_PROTOTYPES = YES;
				CLANG_WARN_SUSPICIOUS_MOVE = YES;
				CLANG_WARN_UNREACHABLE_CODE = YES;
				CLANG_WARN__DUPLICATE_METHOD_MATCH = YES;
				COMBINE_HIDPI_IMAGES = YES;
				COPY_PHASE_STRIP = YES;
				DEBUG_INFORMATION_FORMAT = "dwarf-with-dsym";
				DYLIB_INSTALL_NAME_BASE = "@rpath";
				ENABLE_STRICT_OBJC_MSGSEND = YES;
				GCC_NO_COMMON_BLOCKS = YES;
				GCC_OPTIMIZATION_LEVEL = s;
				GCC_WARN_64_TO_32_BIT_CONVERSION = YES;
				GCC_WARN_ABOUT_RETURN_TYPE = YES;
				GCC_WARN_UNDECLARED_SELECTOR = YES;
				GCC_WARN_UNINITIALIZED_AUTOS = YES;
				GCC_WARN_UNUSED_FUNCTION = YES;
				GCC_WARN_UNUSED_VARIABLE = YES;
				MACOSX_DEPLOYMENT_TARGET = 10.10;
				OTHER_SWIFT_FLAGS = "-DXcode";
				PRODUCT_NAME = "$(TARGET_NAME)";
				SDKROOT = macosx;
				SUPPORTED_PLATFORMS = macosx;
				SWIFT_ACTIVE_COMPILATION_CONDITIONS = SWIFT_PACKAGE;
				SWIFT_COMPILATION_MODE = wholemodule;
				SWIFT_OPTIMIZATION_LEVEL = "-O";
				USE_HEADERMAP = NO;
			};
			name = Release;
		};
		OBJ_90 /* Debug */ = {
			isa = XCBuildConfiguration;
			buildSettings = {
				CODE_SIGN_IDENTITY = "-";
				DEFINES_MODULE = NO;
				ENABLE_TESTABILITY = YES;
				FRAMEWORK_SEARCH_PATHS = (
					"$(inherited)",
					"$(PLATFORM_DIR)/Developer/Library/Frameworks",
				);
				HEADER_SEARCH_PATHS = (
					"$(inherited)",
					"$(SRCROOT)/.build/checkouts/SwiftTryCatch.git-1415355644480913846/Sources/include",
				);
				INFOPLIST_FILE = SimpleView.xcodeproj/SwiftTryCatch_Info.plist;
				LD_RUNPATH_SEARCH_PATHS = "$(TOOLCHAIN_DIR)/usr/lib/swift/macosx";
				OTHER_LDFLAGS = "$(inherited)";
				OTHER_SWIFT_FLAGS = "$(inherited)";
				PRODUCT_BUNDLE_IDENTIFIER = SwiftTryCatch;
				PRODUCT_MODULE_NAME = "$(TARGET_NAME:c99extidentifier)";
				PRODUCT_NAME = "$(TARGET_NAME:c99extidentifier)";
				SKIP_INSTALL = YES;
				TARGET_NAME = SwiftTryCatch;
			};
			name = Debug;
		};
		OBJ_91 /* Release */ = {
			isa = XCBuildConfiguration;
			buildSettings = {
				CODE_SIGN_IDENTITY = "3rd Party Mac Developer Application";
				DEFINES_MODULE = NO;
				DEVELOPMENT_TEAM = 8PWAMAXL84;
				ENABLE_TESTABILITY = YES;
				FRAMEWORK_SEARCH_PATHS = (
					"$(inherited)",
					"$(PLATFORM_DIR)/Developer/Library/Frameworks",
				);
				HEADER_SEARCH_PATHS = (
					"$(inherited)",
					"$(SRCROOT)/.build/checkouts/SwiftTryCatch.git-1415355644480913846/Sources/include",
				);
				INFOPLIST_FILE = SimpleView.xcodeproj/SwiftTryCatch_Info.plist;
				LD_RUNPATH_SEARCH_PATHS = "$(TOOLCHAIN_DIR)/usr/lib/swift/macosx";
				OTHER_LDFLAGS = "$(inherited)";
				OTHER_SWIFT_FLAGS = "$(inherited)";
				PRODUCT_BUNDLE_IDENTIFIER = SwiftTryCatch;
				PRODUCT_MODULE_NAME = "$(TARGET_NAME:c99extidentifier)";
				PRODUCT_NAME = "$(TARGET_NAME:c99extidentifier)";
				SKIP_INSTALL = YES;
				TARGET_NAME = SwiftTryCatch;
			};
			name = Release;
		};
		OBJ_96 /* Debug */ = {
			isa = XCBuildConfiguration;
			buildSettings = {
				CODE_SIGN_IDENTITY = "-";
				ENABLE_TESTABILITY = YES;
				FRAMEWORK_SEARCH_PATHS = (
					"$(inherited)",
					"$(PLATFORM_DIR)/Developer/Library/Frameworks",
				);
				HEADER_SEARCH_PATHS = "$(inherited)";
				INFOPLIST_FILE = SimpleView.xcodeproj/SwiftyBeaver_Info.plist;
				LD_RUNPATH_SEARCH_PATHS = "$(TOOLCHAIN_DIR)/usr/lib/swift/macosx";
				OTHER_LDFLAGS = "$(inherited)";
				OTHER_SWIFT_FLAGS = "$(inherited)";
				PRODUCT_BUNDLE_IDENTIFIER = SwiftyBeaver;
				PRODUCT_MODULE_NAME = "$(TARGET_NAME:c99extidentifier)";
				PRODUCT_NAME = "$(TARGET_NAME:c99extidentifier)";
				SKIP_INSTALL = YES;
				SWIFT_VERSION = 4.0;
				TARGET_NAME = SwiftyBeaver;
			};
			name = Debug;
		};
		OBJ_97 /* Release */ = {
			isa = XCBuildConfiguration;
			buildSettings = {
				CODE_SIGN_IDENTITY = "3rd Party Mac Developer Application";
				DEVELOPMENT_TEAM = 8PWAMAXL84;
				ENABLE_TESTABILITY = YES;
				FRAMEWORK_SEARCH_PATHS = (
					"$(inherited)",
					"$(PLATFORM_DIR)/Developer/Library/Frameworks",
				);
				HEADER_SEARCH_PATHS = "$(inherited)";
				INFOPLIST_FILE = SimpleView.xcodeproj/SwiftyBeaver_Info.plist;
				LD_RUNPATH_SEARCH_PATHS = "$(TOOLCHAIN_DIR)/usr/lib/swift/macosx";
				OTHER_LDFLAGS = "$(inherited)";
				OTHER_SWIFT_FLAGS = "$(inherited)";
				PRODUCT_BUNDLE_IDENTIFIER = SwiftyBeaver;
				PRODUCT_MODULE_NAME = "$(TARGET_NAME:c99extidentifier)";
				PRODUCT_NAME = "$(TARGET_NAME:c99extidentifier)";
				SKIP_INSTALL = YES;
				SWIFT_VERSION = 4.0;
				TARGET_NAME = SwiftyBeaver;
			};
			name = Release;
		};
/* End XCBuildConfiguration section */

/* Begin XCConfigurationList section */
		F404B5C92055FDD400220024 /* Build configuration list for PBXNativeTarget "SimpleView" */ = {
			isa = XCConfigurationList;
			buildConfigurations = (
				F404B5CA2055FDD400220024 /* Debug */,
				F404B5CB2055FDD400220024 /* Release */,
			);
			defaultConfigurationIsVisible = 0;
			defaultConfigurationName = Debug;
		};
		OBJ_2 /* Build configuration list for PBXProject "SimpleView" */ = {
			isa = XCConfigurationList;
			buildConfigurations = (
				OBJ_3 /* Debug */,
				OBJ_4 /* Release */,
			);
			defaultConfigurationIsVisible = 0;
			defaultConfigurationName = Debug;
		};
		OBJ_89 /* Build configuration list for PBXNativeTarget "SwiftTryCatch" */ = {
			isa = XCConfigurationList;
			buildConfigurations = (
				OBJ_90 /* Debug */,
				OBJ_91 /* Release */,
			);
			defaultConfigurationIsVisible = 0;
			defaultConfigurationName = Debug;
		};
		OBJ_95 /* Build configuration list for PBXNativeTarget "SwiftyBeaver" */ = {
			isa = XCConfigurationList;
			buildConfigurations = (
				OBJ_96 /* Debug */,
				OBJ_97 /* Release */,
			);
			defaultConfigurationIsVisible = 0;
			defaultConfigurationName = Debug;
		};
/* End XCConfigurationList section */

/* Begin XCRemoteSwiftPackageReference section */
		F47EC9F624706484008FD5FA /* XCRemoteSwiftPackageReference "SwiftyBeaver" */ = {
			isa = XCRemoteSwiftPackageReference;
			repositoryURL = "https://github.com/SwiftyBeaver/SwiftyBeaver.git";
			requirement = {
				kind = upToNextMajorVersion;
				minimumVersion = 1.9.1;
			};
		};
		F47EC9F9247064B9008FD5FA /* XCRemoteSwiftPackageReference "SwiftTryCatch" */ = {
			isa = XCRemoteSwiftPackageReference;
			repositoryURL = "https://github.com/seanparsons/SwiftTryCatch.git";
			requirement = {
				kind = revision;
				revision = 6a177252cfa2ef649b0aa7b2d16ab221386ca51c;
			};
		};
/* End XCRemoteSwiftPackageReference section */

/* Begin XCSwiftPackageProductDependency section */
		F47ECA0324706763008FD5FA /* SwiftyBeaver */ = {
			isa = XCSwiftPackageProductDependency;
			package = F47EC9F624706484008FD5FA /* XCRemoteSwiftPackageReference "SwiftyBeaver" */;
			productName = SwiftyBeaver;
		};
		F47ECA0524706763008FD5FA /* SwiftTryCatch */ = {
			isa = XCSwiftPackageProductDependency;
			package = F47EC9F9247064B9008FD5FA /* XCRemoteSwiftPackageReference "SwiftTryCatch" */;
			productName = SwiftTryCatch;
		};
/* End XCSwiftPackageProductDependency section */
	};
	rootObject = OBJ_1 /* Project object */;
}
